
Microsoft Visual Studio Solution File, Format Version 12.00
# Visual Studio Version 16
VisualStudioVersion = 16.0.32510.428
MinimumVisualStudioVersion = 10.0.40219.1
Project("{2150E333-8FDC-42A3-9474-1A3956D46DE8}") = "Itens", "Itens", "{5F4E6ADB-4E6D-4ADB-A729-0CFAB67F5674}"
EndProject
Project("{9A19103F-16F7-4668-BE54-9A1E7A4F7556}") = "SYSManager.API.Admin", "SYSManager.API.Admin\SYSManager.API.Admin.csproj", "{436691E5-28E5-4EF6-98A3-C99AE6A81EF2}"
EndProject
Project("{9A19103F-16F7-4668-BE54-9A1E7A4F7556}") = "SYSManager.Application", "SYSManager.Application\SYSManager.Application.csproj", "{3E24BD0B-1EC9-4675-9049-EFDB696923F3}"
EndProject
Global
	GlobalSection(SolutionConfigurationPlatforms) = preSolution
		Debug|Any CPU = Debug|Any CPU
		Release|Any CPU = Release|Any CPU
	EndGlobalSection
	GlobalSection(ProjectConfigurationPlatforms) = postSolution
		{436691E5-28E5-4EF6-98A3-C99AE6A81EF2}.Debug|Any CPU.ActiveCfg = Debug|Any CPU
		{436691E5-28E5-4EF6-98A3-C99AE6A81EF2}.Debug|Any CPU.Build.0 = Debug|Any CPU
		{436691E5-28E5-4EF6-98A3-C99AE6A81EF2}.Release|Any CPU.ActiveCfg = Release|Any CPU
		{436691E5-28E5-4EF6-98A3-C99AE6A81EF2}.Release|Any CPU.Build.0 = Release|Any CPU
		{3E24BD0B-1EC9-4675-9049-EFDB696923F3}.Debug|Any CPU.ActiveCfg = Debug|Any CPU
		{3E24BD0B-1EC9-4675-9049-EFDB696923F3}.Debug|Any CPU.Build.0 = Debug|Any CPU
		{3E24BD0B-1EC9-4675-9049-EFDB696923F3}.Release|Any CPU.ActiveCfg = Release|Any CPU
		{3E24BD0B-1EC9-4675-9049-EFDB696923F3}.Release|Any CPU.Build.0 = Release|Any CPU
	EndGlobalSection
	GlobalSection(SolutionProperties) = preSolution
		HideSolutionNode = FALSE
	EndGlobalSection
	GlobalSection(ExtensibilityGlobals) = postSolution
		SolutionGuid = {E86B3AC2-E287-4378-A9DC-77E47CFB6792}
	EndGlobalSection
EndGlobal
